
Microsoft Visual Studio Solution File, Format Version 12.00
# Visual Studio Version 16
VisualStudioVersion = 16.0.30114.105
MinimumVisualStudioVersion = 10.0.40219.1
Project("{2150E333-8FDC-42A3-9474-1A3956D46DE8}") = "src", "src", "{0FA40D25-F365-4410-BD31-C0B62EBCF545}"
EndProject
Project("{FAE04EC0-301F-11D3-BF4B-00C04F79EFBC}") = "Algorithm", "src\Algorithm\Algorithm.csproj", "{7445F5ED-A0E2-4A7D-9893-5CA69D037BEC}"
EndProject
Project("{FAE04EC0-301F-11D3-BF4B-00C04F79EFBC}") = "Net", "src\Net\Net.csproj", "{3D631085-8F06-4A69-B156-1761082DC601}"
EndProject
Project("{FAE04EC0-301F-11D3-BF4B-00C04F79EFBC}") = "Orm", "src\Orm\Orm.csproj", "{8D5AC323-B661-4C15-841A-9F3FA3C8F097}"
EndProject
Project("{FAE04EC0-301F-11D3-BF4B-00C04F79EFBC}") = "Test", "src\Test\Test.csproj", "{934396D4-919E-4E64-9474-C342E85C0BF4}"
EndProject
Project("{2150E333-8FDC-42A3-9474-1A3956D46DE8}") = "test", "test", "{C9359540-A66F-4F32-92C4-0B14B790062C}"
EndProject
Project("{FAE04EC0-301F-11D3-BF4B-00C04F79EFBC}") = "Algorithm.Test", "test\Algorithm.Test\Algorithm.Test.csproj", "{2CF45F23-859B-4797-8A38-215D608E5DD5}"
EndProject
Project("{FAE04EC0-301F-11D3-BF4B-00C04F79EFBC}") = "Net.Test", "test\Net.Test\Net.Test.csproj", "{8EDDA7BE-1406-4B6D-8391-C632006D6E00}"
EndProject
Project("{FAE04EC0-301F-11D3-BF4B-00C04F79EFBC}") = "Orm.Test", "test\Orm.Test\Orm.Test.csproj", "{A5F050C4-331B-46A9-9BBB-C46CE1F4B1A4}"
EndProject
Global
	GlobalSection(SolutionConfigurationPlatforms) = preSolution
		Debug|Any CPU = Debug|Any CPU
		Debug|x64 = Debug|x64
		Debug|x86 = Debug|x86
		Release|Any CPU = Release|Any CPU
		Release|x64 = Release|x64
		Release|x86 = Release|x86
	EndGlobalSection
	GlobalSection(SolutionProperties) = preSolution
		HideSolutionNode = FALSE
	EndGlobalSection
	GlobalSection(ProjectConfigurationPlatforms) = postSolution
		{7445F5ED-A0E2-4A7D-9893-5CA69D037BEC}.Debug|Any CPU.ActiveCfg = Debug|Any CPU
		{7445F5ED-A0E2-4A7D-9893-5CA69D037BEC}.Debug|Any CPU.Build.0 = Debug|Any CPU
		{7445F5ED-A0E2-4A7D-9893-5CA69D037BEC}.Debug|x64.ActiveCfg = Debug|Any CPU
		{7445F5ED-A0E2-4A7D-9893-5CA69D037BEC}.Debug|x64.Build.0 = Debug|Any CPU
		{7445F5ED-A0E2-4A7D-9893-5CA69D037BEC}.Debug|x86.ActiveCfg = Debug|Any CPU
		{7445F5ED-A0E2-4A7D-9893-5CA69D037BEC}.Debug|x86.Build.0 = Debug|Any CPU
		{7445F5ED-A0E2-4A7D-9893-5CA69D037BEC}.Release|Any CPU.ActiveCfg = Release|Any CPU
		{7445F5ED-A0E2-4A7D-9893-5CA69D037BEC}.Release|Any CPU.Build.0 = Release|Any CPU
		{7445F5ED-A0E2-4A7D-9893-5CA69D037BEC}.Release|x64.ActiveCfg = Release|Any CPU
		{7445F5ED-A0E2-4A7D-9893-5CA69D037BEC}.Release|x64.Build.0 = Release|Any CPU
		{7445F5ED-A0E2-4A7D-9893-5CA69D037BEC}.Release|x86.ActiveCfg = Release|Any CPU
		{7445F5ED-A0E2-4A7D-9893-5CA69D037BEC}.Release|x86.Build.0 = Release|Any CPU
		{3D631085-8F06-4A69-B156-1761082DC601}.Debug|Any CPU.ActiveCfg = Debug|Any CPU
		{3D631085-8F06-4A69-B156-1761082DC601}.Debug|Any CPU.Build.0 = Debug|Any CPU
		{3D631085-8F06-4A69-B156-1761082DC601}.Debug|x64.ActiveCfg = Debug|Any CPU
		{3D631085-8F06-4A69-B156-1761082DC601}.Debug|x64.Build.0 = Debug|Any CPU
		{3D631085-8F06-4A69-B156-1761082DC601}.Debug|x86.ActiveCfg = Debug|Any CPU
		{3D631085-8F06-4A69-B156-1761082DC601}.Debug|x86.Build.0 = Debug|Any CPU
		{3D631085-8F06-4A69-B156-1761082DC601}.Release|Any CPU.ActiveCfg = Release|Any CPU
		{3D631085-8F06-4A69-B156-1761082DC601}.Release|Any CPU.Build.0 = Release|Any CPU
		{3D631085-8F06-4A69-B156-1761082DC601}.Release|x64.ActiveCfg = Release|Any CPU
		{3D631085-8F06-4A69-B156-1761082DC601}.Release|x64.Build.0 = Release|Any CPU
		{3D631085-8F06-4A69-B156-1761082DC601}.Release|x86.ActiveCfg = Release|Any CPU
		{3D631085-8F06-4A69-B156-1761082DC601}.Release|x86.Build.0 = Release|Any CPU
		{8D5AC323-B661-4C15-841A-9F3FA3C8F097}.Debug|Any CPU.ActiveCfg = Debug|Any CPU
		{8D5AC323-B661-4C15-841A-9F3FA3C8F097}.Debug|Any CPU.Build.0 = Debug|Any CPU
		{8D5AC323-B661-4C15-841A-9F3FA3C8F097}.Debug|x64.ActiveCfg = Debug|Any CPU
		{8D5AC323-B661-4C15-841A-9F3FA3C8F097}.Debug|x64.Build.0 = Debug|Any CPU
		{8D5AC323-B661-4C15-841A-9F3FA3C8F097}.Debug|x86.ActiveCfg = Debug|Any CPU
		{8D5AC323-B661-4C15-841A-9F3FA3C8F097}.Debug|x86.Build.0 = Debug|Any CPU
		{8D5AC323-B661-4C15-841A-9F3FA3C8F097}.Release|Any CPU.ActiveCfg = Release|Any CPU
		{8D5AC323-B661-4C15-841A-9F3FA3C8F097}.Release|Any CPU.Build.0 = Release|Any CPU
		{8D5AC323-B661-4C15-841A-9F3FA3C8F097}.Release|x64.ActiveCfg = Release|Any CPU
		{8D5AC323-B661-4C15-841A-9F3FA3C8F097}.Release|x64.Build.0 = Release|Any CPU
		{8D5AC323-B661-4C15-841A-9F3FA3C8F097}.Release|x86.ActiveCfg = Release|Any CPU
		{8D5AC323-B661-4C15-841A-9F3FA3C8F097}.Release|x86.Build.0 = Release|Any CPU
		{934396D4-919E-4E64-9474-C342E85C0BF4}.Debug|Any CPU.ActiveCfg = Debug|Any CPU
		{934396D4-919E-4E64-9474-C342E85C0BF4}.Debug|Any CPU.Build.0 = Debug|Any CPU
		{934396D4-919E-4E64-9474-C342E85C0BF4}.Debug|x64.ActiveCfg = Debug|Any CPU
		{934396D4-919E-4E64-9474-C342E85C0BF4}.Debug|x64.Build.0 = Debug|Any CPU
		{934396D4-919E-4E64-9474-C342E85C0BF4}.Debug|x86.ActiveCfg = Debug|Any CPU
		{934396D4-919E-4E64-9474-C342E85C0BF4}.Debug|x86.Build.0 = Debug|Any CPU
		{934396D4-919E-4E64-9474-C342E85C0BF4}.Release|Any CPU.ActiveCfg = Release|Any CPU
		{934396D4-919E-4E64-9474-C342E85C0BF4}.Release|Any CPU.Build.0 = Release|Any CPU
		{934396D4-919E-4E64-9474-C342E85C0BF4}.Release|x64.ActiveCfg = Release|Any CPU
		{934396D4-919E-4E64-9474-C342E85C0BF4}.Release|x64.Build.0 = Release|Any CPU
		{934396D4-919E-4E64-9474-C342E85C0BF4}.Release|x86.ActiveCfg = Release|Any CPU
		{934396D4-919E-4E64-9474-C342E85C0BF4}.Release|x86.Build.0 = Release|Any CPU
		{2CF45F23-859B-4797-8A38-215D608E5DD5}.Debug|Any CPU.ActiveCfg = Debug|Any CPU
		{2CF45F23-859B-4797-8A38-215D608E5DD5}.Debug|Any CPU.Build.0 = Debug|Any CPU
		{2CF45F23-859B-4797-8A38-215D608E5DD5}.Debug|x64.ActiveCfg = Debug|Any CPU
		{2CF45F23-859B-4797-8A38-215D608E5DD5}.Debug|x64.Build.0 = Debug|Any CPU
		{2CF45F23-859B-4797-8A38-215D608E5DD5}.Debug|x86.ActiveCfg = Debug|Any CPU
		{2CF45F23-859B-4797-8A38-215D608E5DD5}.Debug|x86.Build.0 = Debug|Any CPU
		{2CF45F23-859B-4797-8A38-215D608E5DD5}.Release|Any CPU.ActiveCfg = Release|Any CPU
		{2CF45F23-859B-4797-8A38-215D608E5DD5}.Release|Any CPU.Build.0 = Release|Any CPU
		{2CF45F23-859B-4797-8A38-215D608E5DD5}.Release|x64.ActiveCfg = Release|Any CPU
		{2CF45F23-859B-4797-8A38-215D608E5DD5}.Release|x64.Build.0 = Release|Any CPU
		{2CF45F23-859B-4797-8A38-215D608E5DD5}.Release|x86.ActiveCfg = Release|Any CPU
		{2CF45F23-859B-4797-8A38-215D608E5DD5}.Release|x86.Build.0 = Release|Any CPU
		{8EDDA7BE-1406-4B6D-8391-C632006D6E00}.Debug|Any CPU.ActiveCfg = Debug|Any CPU
		{8EDDA7BE-1406-4B6D-8391-C632006D6E00}.Debug|Any CPU.Build.0 = Debug|Any CPU
		{8EDDA7BE-1406-4B6D-8391-C632006D6E00}.Debug|x64.ActiveCfg = Debug|Any CPU
		{8EDDA7BE-1406-4B6D-8391-C632006D6E00}.Debug|x64.Build.0 = Debug|Any CPU
		{8EDDA7BE-1406-4B6D-8391-C632006D6E00}.Debug|x86.ActiveCfg = Debug|Any CPU
		{8EDDA7BE-1406-4B6D-8391-C632006D6E00}.Debug|x86.Build.0 = Debug|Any CPU
		{8EDDA7BE-1406-4B6D-8391-C632006D6E00}.Release|Any CPU.ActiveCfg = Release|Any CPU
		{8EDDA7BE-1406-4B6D-8391-C632006D6E00}.Release|Any CPU.Build.0 = Release|Any CPU
		{8EDDA7BE-1406-4B6D-8391-C632006D6E00}.Release|x64.ActiveCfg = Release|Any CPU
		{8EDDA7BE-1406-4B6D-8391-C632006D6E00}.Release|x64.Build.0 = Release|Any CPU
		{8EDDA7BE-1406-4B6D-8391-C632006D6E00}.Release|x86.ActiveCfg = Release|Any CPU
		{8EDDA7BE-1406-4B6D-8391-C632006D6E00}.Release|x86.Build.0 = Release|Any CPU
		{A5F050C4-331B-46A9-9BBB-C46CE1F4B1A4}.Debug|Any CPU.ActiveCfg = Debug|Any CPU
		{A5F050C4-331B-46A9-9BBB-C46CE1F4B1A4}.Debug|Any CPU.Build.0 = Debug|Any CPU
		{A5F050C4-331B-46A9-9BBB-C46CE1F4B1A4}.Debug|x64.ActiveCfg = Debug|Any CPU
		{A5F050C4-331B-46A9-9BBB-C46CE1F4B1A4}.Debug|x64.Build.0 = Debug|Any CPU
		{A5F050C4-331B-46A9-9BBB-C46CE1F4B1A4}.Debug|x86.ActiveCfg = Debug|Any CPU
		{A5F050C4-331B-46A9-9BBB-C46CE1F4B1A4}.Debug|x86.Build.0 = Debug|Any CPU
		{A5F050C4-331B-46A9-9BBB-C46CE1F4B1A4}.Release|Any CPU.ActiveCfg = Release|Any CPU
		{A5F050C4-331B-46A9-9BBB-C46CE1F4B1A4}.Release|Any CPU.Build.0 = Release|Any CPU
		{A5F050C4-331B-46A9-9BBB-C46CE1F4B1A4}.Release|x64.ActiveCfg = Release|Any CPU
		{A5F050C4-331B-46A9-9BBB-C46CE1F4B1A4}.Release|x64.Build.0 = Release|Any CPU
		{A5F050C4-331B-46A9-9BBB-C46CE1F4B1A4}.Release|x86.ActiveCfg = Release|Any CPU
		{A5F050C4-331B-46A9-9BBB-C46CE1F4B1A4}.Release|x86.Build.0 = Release|Any CPU
	EndGlobalSection
	GlobalSection(NestedProjects) = preSolution
		{7445F5ED-A0E2-4A7D-9893-5CA69D037BEC} = {0FA40D25-F365-4410-BD31-C0B62EBCF545}
		{3D631085-8F06-4A69-B156-1761082DC601} = {0FA40D25-F365-4410-BD31-C0B62EBCF545}
		{8D5AC323-B661-4C15-841A-9F3FA3C8F097} = {0FA40D25-F365-4410-BD31-C0B62EBCF545}
		{934396D4-919E-4E64-9474-C342E85C0BF4} = {0FA40D25-F365-4410-BD31-C0B62EBCF545}
		{2CF45F23-859B-4797-8A38-215D608E5DD5} = {C9359540-A66F-4F32-92C4-0B14B790062C}
		{8EDDA7BE-1406-4B6D-8391-C632006D6E00} = {C9359540-A66F-4F32-92C4-0B14B790062C}
		{A5F050C4-331B-46A9-9BBB-C46CE1F4B1A4} = {C9359540-A66F-4F32-92C4-0B14B790062C}
	EndGlobalSection
EndGlobal
