
Microsoft Visual Studio Solution File, Format Version 12.00
# Visual Studio Version 16
VisualStudioVersion = 16.0.30114.105
MinimumVisualStudioVersion = 10.0.40219.1
Project("{2150E333-8FDC-42A3-9474-1A3956D46DE8}") = "src", "src", "{0FA40D25-F365-4410-BD31-C0B62EBCF545}"
EndProject
Project("{FAE04EC0-301F-11D3-BF4B-00C04F79EFBC}") = "AppEntry", "src\AppEntry\AppEntry.csproj", "{386279A2-6A7A-4945-81B4-1A3D1603241E}"
EndProject
Project("{FAE04EC0-301F-11D3-BF4B-00C04F79EFBC}") = "Algorithm", "src\Algorithm\Algorithm.csproj", "{7445F5ED-A0E2-4A7D-9893-5CA69D037BEC}"
EndProject
Project("{2150E333-8FDC-42A3-9474-1A3956D46DE8}") = "test", "test", "{700AD7CB-82C9-438F-9E67-97D357A97FF8}"
EndProject
Project("{FAE04EC0-301F-11D3-BF4B-00C04F79EFBC}") = "Algorithm.Tests", "test\Algorithm.Tests\Algorithm.Tests.csproj", "{6865EEE1-A928-4098-95C1-293E92384F20}"
EndProject
Global
	GlobalSection(SolutionConfigurationPlatforms) = preSolution
		Debug|Any CPU = Debug|Any CPU
		Debug|x64 = Debug|x64
		Debug|x86 = Debug|x86
		Release|Any CPU = Release|Any CPU
		Release|x64 = Release|x64
		Release|x86 = Release|x86
	EndGlobalSection
	GlobalSection(SolutionProperties) = preSolution
		HideSolutionNode = FALSE
	EndGlobalSection
	GlobalSection(ProjectConfigurationPlatforms) = postSolution
		{386279A2-6A7A-4945-81B4-1A3D1603241E}.Debug|Any CPU.ActiveCfg = Debug|Any CPU
		{386279A2-6A7A-4945-81B4-1A3D1603241E}.Debug|Any CPU.Build.0 = Debug|Any CPU
		{386279A2-6A7A-4945-81B4-1A3D1603241E}.Debug|x64.ActiveCfg = Debug|Any CPU
		{386279A2-6A7A-4945-81B4-1A3D1603241E}.Debug|x64.Build.0 = Debug|Any CPU
		{386279A2-6A7A-4945-81B4-1A3D1603241E}.Debug|x86.ActiveCfg = Debug|Any CPU
		{386279A2-6A7A-4945-81B4-1A3D1603241E}.Debug|x86.Build.0 = Debug|Any CPU
		{386279A2-6A7A-4945-81B4-1A3D1603241E}.Release|Any CPU.ActiveCfg = Release|Any CPU
		{386279A2-6A7A-4945-81B4-1A3D1603241E}.Release|Any CPU.Build.0 = Release|Any CPU
		{386279A2-6A7A-4945-81B4-1A3D1603241E}.Release|x64.ActiveCfg = Release|Any CPU
		{386279A2-6A7A-4945-81B4-1A3D1603241E}.Release|x64.Build.0 = Release|Any CPU
		{386279A2-6A7A-4945-81B4-1A3D1603241E}.Release|x86.ActiveCfg = Release|Any CPU
		{386279A2-6A7A-4945-81B4-1A3D1603241E}.Release|x86.Build.0 = Release|Any CPU
		{7445F5ED-A0E2-4A7D-9893-5CA69D037BEC}.Debug|Any CPU.ActiveCfg = Debug|Any CPU
		{7445F5ED-A0E2-4A7D-9893-5CA69D037BEC}.Debug|Any CPU.Build.0 = Debug|Any CPU
		{7445F5ED-A0E2-4A7D-9893-5CA69D037BEC}.Debug|x64.ActiveCfg = Debug|Any CPU
		{7445F5ED-A0E2-4A7D-9893-5CA69D037BEC}.Debug|x64.Build.0 = Debug|Any CPU
		{7445F5ED-A0E2-4A7D-9893-5CA69D037BEC}.Debug|x86.ActiveCfg = Debug|Any CPU
		{7445F5ED-A0E2-4A7D-9893-5CA69D037BEC}.Debug|x86.Build.0 = Debug|Any CPU
		{7445F5ED-A0E2-4A7D-9893-5CA69D037BEC}.Release|Any CPU.ActiveCfg = Release|Any CPU
		{7445F5ED-A0E2-4A7D-9893-5CA69D037BEC}.Release|Any CPU.Build.0 = Release|Any CPU
		{7445F5ED-A0E2-4A7D-9893-5CA69D037BEC}.Release|x64.ActiveCfg = Release|Any CPU
		{7445F5ED-A0E2-4A7D-9893-5CA69D037BEC}.Release|x64.Build.0 = Release|Any CPU
		{7445F5ED-A0E2-4A7D-9893-5CA69D037BEC}.Release|x86.ActiveCfg = Release|Any CPU
		{7445F5ED-A0E2-4A7D-9893-5CA69D037BEC}.Release|x86.Build.0 = Release|Any CPU
		{6865EEE1-A928-4098-95C1-293E92384F20}.Debug|Any CPU.ActiveCfg = Debug|Any CPU
		{6865EEE1-A928-4098-95C1-293E92384F20}.Debug|Any CPU.Build.0 = Debug|Any CPU
		{6865EEE1-A928-4098-95C1-293E92384F20}.Debug|x64.ActiveCfg = Debug|Any CPU
		{6865EEE1-A928-4098-95C1-293E92384F20}.Debug|x64.Build.0 = Debug|Any CPU
		{6865EEE1-A928-4098-95C1-293E92384F20}.Debug|x86.ActiveCfg = Debug|Any CPU
		{6865EEE1-A928-4098-95C1-293E92384F20}.Debug|x86.Build.0 = Debug|Any CPU
		{6865EEE1-A928-4098-95C1-293E92384F20}.Release|Any CPU.ActiveCfg = Release|Any CPU
		{6865EEE1-A928-4098-95C1-293E92384F20}.Release|Any CPU.Build.0 = Release|Any CPU
		{6865EEE1-A928-4098-95C1-293E92384F20}.Release|x64.ActiveCfg = Release|Any CPU
		{6865EEE1-A928-4098-95C1-293E92384F20}.Release|x64.Build.0 = Release|Any CPU
		{6865EEE1-A928-4098-95C1-293E92384F20}.Release|x86.ActiveCfg = Release|Any CPU
		{6865EEE1-A928-4098-95C1-293E92384F20}.Release|x86.Build.0 = Release|Any CPU
	EndGlobalSection
	GlobalSection(NestedProjects) = preSolution
		{386279A2-6A7A-4945-81B4-1A3D1603241E} = {0FA40D25-F365-4410-BD31-C0B62EBCF545}
		{7445F5ED-A0E2-4A7D-9893-5CA69D037BEC} = {0FA40D25-F365-4410-BD31-C0B62EBCF545}
		{6865EEE1-A928-4098-95C1-293E92384F20} = {700AD7CB-82C9-438F-9E67-97D357A97FF8}
	EndGlobalSection
EndGlobal
